
Microsoft Visual Studio Solution File, Format Version 12.00
# Visual Studio Version 17
VisualStudioVersion = 17.7.34302.85
MinimumVisualStudioVersion = 10.0.40219.1
Project("{2150E333-8FDC-42A3-9474-1A3956D46DE8}") = "src", "src", "{F1772D6C-9B83-4711-A1DF-B0505CB8DD9E}"
EndProject
Project("{9A19103F-16F7-4668-BE54-9A1E7A4F7556}") = "FlexFetcher", "src\FlexFetcher\FlexFetcher.csproj", "{F9A6D5C5-7DBB-4950-8A19-3AF35074DC22}"
EndProject
Project("{2150E333-8FDC-42A3-9474-1A3956D46DE8}") = "samples", "samples", "{2C741E4F-065F-4910-963A-37D333F58686}"
EndProject
Project("{FAE04EC0-301F-11D3-BF4B-00C04F79EFBC}") = "WebApiSample", "samples\WebApiSample\WebApiSample.csproj", "{9F6D3C79-E473-4E78-83AF-E5DBEFFDAA23}"
EndProject
Project("{2150E333-8FDC-42A3-9474-1A3956D46DE8}") = "tests", "tests", "{185ABF64-2CA1-40FC-BB5F-39BDD2A3C88F}"
EndProject
Project("{FAE04EC0-301F-11D3-BF4B-00C04F79EFBC}") = "FlexFetcherTests", "tests\FlexFetcherTests\FlexFetcherTests.csproj", "{253F0255-9C7E-4442-ACE7-9F77A3DBDF04}"
EndProject
Global
	GlobalSection(SolutionConfigurationPlatforms) = preSolution
		Debug|Any CPU = Debug|Any CPU
		Release|Any CPU = Release|Any CPU
	EndGlobalSection
	GlobalSection(ProjectConfigurationPlatforms) = postSolution
		{F9A6D5C5-7DBB-4950-8A19-3AF35074DC22}.Debug|Any CPU.ActiveCfg = Debug|Any CPU
		{F9A6D5C5-7DBB-4950-8A19-3AF35074DC22}.Debug|Any CPU.Build.0 = Debug|Any CPU
		{F9A6D5C5-7DBB-4950-8A19-3AF35074DC22}.Release|Any CPU.ActiveCfg = Release|Any CPU
		{F9A6D5C5-7DBB-4950-8A19-3AF35074DC22}.Release|Any CPU.Build.0 = Release|Any CPU
		{9F6D3C79-E473-4E78-83AF-E5DBEFFDAA23}.Debug|Any CPU.ActiveCfg = Debug|Any CPU
		{9F6D3C79-E473-4E78-83AF-E5DBEFFDAA23}.Debug|Any CPU.Build.0 = Debug|Any CPU
		{9F6D3C79-E473-4E78-83AF-E5DBEFFDAA23}.Release|Any CPU.ActiveCfg = Release|Any CPU
		{9F6D3C79-E473-4E78-83AF-E5DBEFFDAA23}.Release|Any CPU.Build.0 = Release|Any CPU
		{253F0255-9C7E-4442-ACE7-9F77A3DBDF04}.Debug|Any CPU.ActiveCfg = Debug|Any CPU
		{253F0255-9C7E-4442-ACE7-9F77A3DBDF04}.Debug|Any CPU.Build.0 = Debug|Any CPU
		{253F0255-9C7E-4442-ACE7-9F77A3DBDF04}.Release|Any CPU.ActiveCfg = Release|Any CPU
		{253F0255-9C7E-4442-ACE7-9F77A3DBDF04}.Release|Any CPU.Build.0 = Release|Any CPU
	EndGlobalSection
	GlobalSection(SolutionProperties) = preSolution
		HideSolutionNode = FALSE
	EndGlobalSection
	GlobalSection(NestedProjects) = preSolution
		{F9A6D5C5-7DBB-4950-8A19-3AF35074DC22} = {F1772D6C-9B83-4711-A1DF-B0505CB8DD9E}
		{9F6D3C79-E473-4E78-83AF-E5DBEFFDAA23} = {2C741E4F-065F-4910-963A-37D333F58686}
		{253F0255-9C7E-4442-ACE7-9F77A3DBDF04} = {185ABF64-2CA1-40FC-BB5F-39BDD2A3C88F}
	EndGlobalSection
	GlobalSection(ExtensibilityGlobals) = postSolution
		SolutionGuid = {A055BB54-FB5F-41DA-AB25-1B3A4A341335}
	EndGlobalSection
EndGlobal
